
Microsoft Visual Studio Solution File, Format Version 12.00
# Visual Studio Version 16
VisualStudioVersion = 16.0.33130.400
MinimumVisualStudioVersion = 10.0.40219.1
Project("{9A19103F-16F7-4668-BE54-9A1E7A4F7556}") = "LORHAPI-API", "LORHAPI-API.csproj", "{C33F2563-5843-4D81-9D10-8C09C87A75EA}"
EndProject
Global
	GlobalSection(SolutionConfigurationPlatforms) = preSolution
		Debug|Any CPU = Debug|Any CPU
		Release|Any CPU = Release|Any CPU
	EndGlobalSection
	GlobalSection(ProjectConfigurationPlatforms) = postSolution
		{C33F2563-5843-4D81-9D10-8C09C87A75EA}.Debug|Any CPU.ActiveCfg = Debug|Any CPU
		{C33F2563-5843-4D81-9D10-8C09C87A75EA}.Debug|Any CPU.Build.0 = Debug|Any CPU
		{C33F2563-5843-4D81-9D10-8C09C87A75EA}.Release|Any CPU.ActiveCfg = Release|Any CPU
		{C33F2563-5843-4D81-9D10-8C09C87A75EA}.Release|Any CPU.Build.0 = Release|Any CPU
	EndGlobalSection
	GlobalSection(SolutionProperties) = preSolution
		HideSolutionNode = FALSE
	EndGlobalSection
	GlobalSection(ExtensibilityGlobals) = postSolution
		SolutionGuid = {73BC7E4A-A0FE-4E7E-A36E-411EACB3D0C8}
	EndGlobalSection
EndGlobal
